// !$*UTF8*$!
{
	archiveVersion = 1;
	classes = {
	};
	objectVersion = 56;
	objects = {

/* Begin PBXBuildFile section */
		A343691D29C2B83D002FFF21 /* AppDelegate.swift in Sources */ = {isa = PBXBuildFile; fileRef = A343691C29C2B83D002FFF21 /* AppDelegate.swift */; };
		A343691F29C2B83D002FFF21 /* SceneDelegate.swift in Sources */ = {isa = PBXBuildFile; fileRef = A343691E29C2B83D002FFF21 /* SceneDelegate.swift */; };
		A343692129C2B83D002FFF21 /* ViewController.swift in Sources */ = {isa = PBXBuildFile; fileRef = A343692029C2B83D002FFF21 /* ViewController.swift */; };
		A343692429C2B83D002FFF21 /* Main.storyboard in Resources */ = {isa = PBXBuildFile; fileRef = A343692229C2B83D002FFF21 /* Main.storyboard */; };
		A343692629C2B83E002FFF21 /* Assets.xcassets in Resources */ = {isa = PBXBuildFile; fileRef = A343692529C2B83E002FFF21 /* Assets.xcassets */; };
		A343692929C2B83E002FFF21 /* LaunchScreen.storyboard in Resources */ = {isa = PBXBuildFile; fileRef = A343692729C2B83E002FFF21 /* LaunchScreen.storyboard */; };
		A343693129C2BB16002FFF21 /* ResultadosViewController.swift in Sources */ = {isa = PBXBuildFile; fileRef = A343693029C2BB16002FFF21 /* ResultadosViewController.swift */; };
		A343693329C2C8C9002FFF21 /* IMC.swift in Sources */ = {isa = PBXBuildFile; fileRef = A343693229C2C8C9002FFF21 /* IMC.swift */; };
		A343693529C2C945002FFF21 /* CalculadoraManager.swift in Sources */ = {isa = PBXBuildFile; fileRef = A343693429C2C945002FFF21 /* CalculadoraManager.swift */; };
/* End PBXBuildFile section */

/* Begin PBXFileReference section */
		A343691929C2B83D002FFF21 /* Calculadora de Índice de masa corporal.app */ = {isa = PBXFileReference; explicitFileType = wrapper.application; includeInIndex = 0; path = "Calculadora de Índice de masa corporal.app"; sourceTree = BUILT_PRODUCTS_DIR; };
		A343691C29C2B83D002FFF21 /* AppDelegate.swift */ = {isa = PBXFileReference; lastKnownFileType = sourcecode.swift; path = AppDelegate.swift; sourceTree = "<group>"; };
		A343691E29C2B83D002FFF21 /* SceneDelegate.swift */ = {isa = PBXFileReference; lastKnownFileType = sourcecode.swift; path = SceneDelegate.swift; sourceTree = "<group>"; };
		A343692029C2B83D002FFF21 /* ViewController.swift */ = {isa = PBXFileReference; lastKnownFileType = sourcecode.swift; path = ViewController.swift; sourceTree = "<group>"; };
		A343692329C2B83D002FFF21 /* Base */ = {isa = PBXFileReference; lastKnownFileType = file.storyboard; name = Base; path = Base.lproj/Main.storyboard; sourceTree = "<group>"; };
		A343692529C2B83E002FFF21 /* Assets.xcassets */ = {isa = PBXFileReference; lastKnownFileType = folder.assetcatalog; path = Assets.xcassets; sourceTree = "<group>"; };
		A343692829C2B83E002FFF21 /* Base */ = {isa = PBXFileReference; lastKnownFileType = file.storyboard; name = Base; path = Base.lproj/LaunchScreen.storyboard; sourceTree = "<group>"; };
		A343692A29C2B83E002FFF21 /* Info.plist */ = {isa = PBXFileReference; lastKnownFileType = text.plist.xml; path = Info.plist; sourceTree = "<group>"; };
		A343693029C2BB16002FFF21 /* ResultadosViewController.swift */ = {isa = PBXFileReference; lastKnownFileType = sourcecode.swift; path = ResultadosViewController.swift; sourceTree = "<group>"; };
		A343693229C2C8C9002FFF21 /* IMC.swift */ = {isa = PBXFileReference; lastKnownFileType = sourcecode.swift; path = IMC.swift; sourceTree = "<group>"; };
		A343693429C2C945002FFF21 /* CalculadoraManager.swift */ = {isa = PBXFileReference; lastKnownFileType = sourcecode.swift; path = CalculadoraManager.swift; sourceTree = "<group>"; };
/* End PBXFileReference section */

/* Begin PBXFrameworksBuildPhase section */
		A343691629C2B83D002FFF21 /* Frameworks */ = {
			isa = PBXFrameworksBuildPhase;
			buildActionMask = 2147483647;
			files = (
			);
			runOnlyForDeploymentPostprocessing = 0;
		};
/* End PBXFrameworksBuildPhase section */

/* Begin PBXGroup section */
		A343691029C2B83D002FFF21 = {
			isa = PBXGroup;
			children = (
				A343691B29C2B83D002FFF21 /* Calculadora de Índice de masa corporal */,
				A343691A29C2B83D002FFF21 /* Products */,
			);
			sourceTree = "<group>";
		};
		A343691A29C2B83D002FFF21 /* Products */ = {
			isa = PBXGroup;
			children = (
				A343691929C2B83D002FFF21 /* Calculadora de Índice de masa corporal.app */,
			);
			name = Products;
			sourceTree = "<group>";
		};
		A343691B29C2B83D002FFF21 /* Calculadora de Índice de masa corporal */ = {
			isa = PBXGroup;
			children = (
				A343691C29C2B83D002FFF21 /* AppDelegate.swift */,
				A343691E29C2B83D002FFF21 /* SceneDelegate.swift */,
				A34C46C029C2FC6500802071 /* Model */,
				A34C46BF29C2FC5900802071 /* View */,
				A34C46C129C2FC7A00802071 /* Controler */,
				A343692A29C2B83E002FFF21 /* Info.plist */,
			);
			path = "Calculadora de Índice de masa corporal";
			sourceTree = "<group>";
		};
		A34C46BF29C2FC5900802071 /* View */ = {
			isa = PBXGroup;
			children = (
				A343692229C2B83D002FFF21 /* Main.storyboard */,
				A343692529C2B83E002FFF21 /* Assets.xcassets */,
				A343692729C2B83E002FFF21 /* LaunchScreen.storyboard */,
			);
			path = View;
			sourceTree = "<group>";
		};
		A34C46C029C2FC6500802071 /* Model */ = {
			isa = PBXGroup;
			children = (
				A343693229C2C8C9002FFF21 /* IMC.swift */,
			);
			path = Model;
			sourceTree = "<group>";
		};
		A34C46C129C2FC7A00802071 /* Controler */ = {
			isa = PBXGroup;
			children = (
				A343692029C2B83D002FFF21 /* ViewController.swift */,
				A343693429C2C945002FFF21 /* CalculadoraManager.swift */,
				A343693029C2BB16002FFF21 /* ResultadosViewController.swift */,
			);
			path = Controler;
			sourceTree = "<group>";
		};
/* End PBXGroup section */

/* Begin PBXNativeTarget section */
		A343691829C2B83D002FFF21 /* Calculadora de Índice de masa corporal */ = {
			isa = PBXNativeTarget;
			buildConfigurationList = A343692D29C2B83E002FFF21 /* Build configuration list for PBXNativeTarget "Calculadora de Índice de masa corporal" */;
			buildPhases = (
				A343691529C2B83D002FFF21 /* Sources */,
				A343691629C2B83D002FFF21 /* Frameworks */,
				A343691729C2B83D002FFF21 /* Resources */,
			);
			buildRules = (
			);
			dependencies = (
			);
			name = "Calculadora de Índice de masa corporal";
			productName = "Calculadora de Índice de masa corporal";
			productReference = A343691929C2B83D002FFF21 /* Calculadora de Índice de masa corporal.app */;
			productType = "com.apple.product-type.application";
		};
/* End PBXNativeTarget section */

/* Begin PBXProject section */
		A343691129C2B83D002FFF21 /* Project object */ = {
			isa = PBXProject;
			attributes = {
				BuildIndependentTargetsInParallel = 1;
				LastSwiftUpdateCheck = 1420;
				LastUpgradeCheck = 1420;
				TargetAttributes = {
					A343691829C2B83D002FFF21 = {
						CreatedOnToolsVersion = 14.2;
					};
				};
			};
			buildConfigurationList = A343691429C2B83D002FFF21 /* Build configuration list for PBXProject "Calculadora de Índice de masa corporal" */;
			compatibilityVersion = "Xcode 14.0";
			developmentRegion = en;
			hasScannedForEncodings = 0;
			knownRegions = (
				en,
				Base,
			);
			mainGroup = A343691029C2B83D002FFF21;
			productRefGroup = A343691A29C2B83D002FFF21 /* Products */;
			projectDirPath = "";
			projectRoot = "";
			targets = (
				A343691829C2B83D002FFF21 /* Calculadora de Índice de masa corporal */,
			);
		};
/* End PBXProject section */

/* Begin PBXResourcesBuildPhase section */
		A343691729C2B83D002FFF21 /* Resources */ = {
			isa = PBXResourcesBuildPhase;
			buildActionMask = 2147483647;
			files = (
				A343692929C2B83E002FFF21 /* LaunchScreen.storyboard in Resources */,
				A343692629C2B83E002FFF21 /* Assets.xcassets in Resources */,
				A343692429C2B83D002FFF21 /* Main.storyboard in Resources */,
			);
			runOnlyForDeploymentPostprocessing = 0;
		};
/* End PBXResourcesBuildPhase section */

/* Begin PBXSourcesBuildPhase section */
		A343691529C2B83D002FFF21 /* Sources */ = {
			isa = PBXSourcesBuildPhase;
			buildActionMask = 2147483647;
			files = (
				A343692129C2B83D002FFF21 /* ViewController.swift in Sources */,
				A343691D29C2B83D002FFF21 /* AppDelegate.swift in Sources */,
				A343693129C2BB16002FFF21 /* ResultadosViewController.swift in Sources */,
				A343693529C2C945002FFF21 /* CalculadoraManager.swift in Sources */,
				A343693329C2C8C9002FFF21 /* IMC.swift in Sources */,
				A343691F29C2B83D002FFF21 /* SceneDelegate.swift in Sources */,
			);
			runOnlyForDeploymentPostprocessing = 0;
		};
/* End PBXSourcesBuildPhase section */

/* Begin PBXVariantGroup section */
		A343692229C2B83D002FFF21 /* Main.storyboard */ = {
			isa = PBXVariantGroup;
			children = (
				A343692329C2B83D002FFF21 /* Base */,
			);
			name = Main.storyboard;
			sourceTree = "<group>";
		};
		A343692729C2B83E002FFF21 /* LaunchScreen.storyboard */ = {
			isa = PBXVariantGroup;
			children = (
				A343692829C2B83E002FFF21 /* Base */,
			);
			name = LaunchScreen.storyboard;
			sourceTree = "<group>";
		};
/* End PBXVariantGroup section */

/* Begin XCBuildConfiguration section */
		A343692B29C2B83E002FFF21 /* Debug */ = {
			isa = XCBuildConfiguration;
			buildSettings = {
				ALWAYS_SEARCH_USER_PATHS = NO;
				CLANG_ANALYZER_NONNULL = YES;
				CLANG_ANALYZER_NUMBER_OBJECT_CONVERSION = YES_AGGRESSIVE;
				CLANG_CXX_LANGUAGE_STANDARD = "gnu++20";
				CLANG_ENABLE_MODULES = YES;
				CLANG_ENABLE_OBJC_ARC = YES;
				CLANG_ENABLE_OBJC_WEAK = YES;
				CLANG_WARN_BLOCK_CAPTURE_AUTORELEASING = YES;
				CLANG_WARN_BOOL_CONVERSION = YES;
				CLANG_WARN_COMMA = YES;
				CLANG_WARN_CONSTANT_CONVERSION = YES;
				CLANG_WARN_DEPRECATED_OBJC_IMPLEMENTATIONS = YES;
				CLANG_WARN_DIRECT_OBJC_ISA_USAGE = YES_ERROR;
				CLANG_WARN_DOCUMENTATION_COMMENTS = YES;
				CLANG_WARN_EMPTY_BODY = YES;
				CLANG_WARN_ENUM_CONVERSION = YES;
				CLANG_WARN_INFINITE_RECURSION = YES;
				CLANG_WARN_INT_CONVERSION = YES;
				CLANG_WARN_NON_LITERAL_NULL_CONVERSION = YES;
				CLANG_WARN_OBJC_IMPLICIT_RETAIN_SELF = YES;
				CLANG_WARN_OBJC_LITERAL_CONVERSION = YES;
				CLANG_WARN_OBJC_ROOT_CLASS = YES_ERROR;
				CLANG_WARN_QUOTED_INCLUDE_IN_FRAMEWORK_HEADER = YES;
				CLANG_WARN_RANGE_LOOP_ANALYSIS = YES;
				CLANG_WARN_STRICT_PROTOTYPES = YES;
				CLANG_WARN_SUSPICIOUS_MOVE = YES;
				CLANG_WARN_UNGUARDED_AVAILABILITY = YES_AGGRESSIVE;
				CLANG_WARN_UNREACHABLE_CODE = YES;
				CLANG_WARN__DUPLICATE_METHOD_MATCH = YES;
				COPY_PHASE_STRIP = NO;
				DEBUG_INFORMATION_FORMAT = dwarf;
				ENABLE_STRICT_OBJC_MSGSEND = YES;
				ENABLE_TESTABILITY = YES;
				GCC_C_LANGUAGE_STANDARD = gnu11;
				GCC_DYNAMIC_NO_PIC = NO;
				GCC_NO_COMMON_BLOCKS = YES;
				GCC_OPTIMIZATION_LEVEL = 0;
				GCC_PREPROCESSOR_DEFINITIONS = (
					"DEBUG=1",
					"$(inherited)",
				);
				GCC_WARN_64_TO_32_BIT_CONVERSION = YES;
				GCC_WARN_ABOUT_RETURN_TYPE = YES_ERROR;
				GCC_WARN_UNDECLARED_SELECTOR = YES;
				GCC_WARN_UNINITIALIZED_AUTOS = YES_AGGRESSIVE;
				GCC_WARN_UNUSED_FUNCTION = YES;
				GCC_WARN_UNUSED_VARIABLE = YES;
				IPHONEOS_DEPLOYMENT_TARGET = 16.2;
				MTL_ENABLE_DEBUG_INFO = INCLUDE_SOURCE;
				MTL_FAST_MATH = YES;
				ONLY_ACTIVE_ARCH = YES;
				SDKROOT = iphoneos;
				SWIFT_ACTIVE_COMPILATION_CONDITIONS = DEBUG;
				SWIFT_OPTIMIZATION_LEVEL = "-Onone";
			};
			name = Debug;
		};
		A343692C29C2B83E002FFF21 /* Release */ = {
			isa = XCBuildConfiguration;
			buildSettings = {
				ALWAYS_SEARCH_USER_PATHS = NO;
				CLANG_ANALYZER_NONNULL = YES;
				CLANG_ANALYZER_NUMBER_OBJECT_CONVERSION = YES_AGGRESSIVE;
				CLANG_CXX_LANGUAGE_STANDARD = "gnu++20";
				CLANG_ENABLE_MODULES = YES;
				CLANG_ENABLE_OBJC_ARC = YES;
				CLANG_ENABLE_OBJC_WEAK = YES;
				CLANG_WARN_BLOCK_CAPTURE_AUTORELEASING = YES;
				CLANG_WARN_BOOL_CONVERSION = YES;
				CLANG_WARN_COMMA = YES;
				CLANG_WARN_CONSTANT_CONVERSION = YES;
				CLANG_WARN_DEPRECATED_OBJC_IMPLEMENTATIONS = YES;
				CLANG_WARN_DIRECT_OBJC_ISA_USAGE = YES_ERROR;
				CLANG_WARN_DOCUMENTATION_COMMENTS = YES;
				CLANG_WARN_EMPTY_BODY = YES;
				CLANG_WARN_ENUM_CONVERSION = YES;
				CLANG_WARN_INFINITE_RECURSION = YES;
				CLANG_WARN_INT_CONVERSION = YES;
				CLANG_WARN_NON_LITERAL_NULL_CONVERSION = YES;
				CLANG_WARN_OBJC_IMPLICIT_RETAIN_SELF = YES;
				CLANG_WARN_OBJC_LITERAL_CONVERSION = YES;
				CLANG_WARN_OBJC_ROOT_CLASS = YES_ERROR;
				CLANG_WARN_QUOTED_INCLUDE_IN_FRAMEWORK_HEADER = YES;
				CLANG_WARN_RANGE_LOOP_ANALYSIS = YES;
				CLANG_WARN_STRICT_PROTOTYPES = YES;
				CLANG_WARN_SUSPICIOUS_MOVE = YES;
				CLANG_WARN_UNGUARDED_AVAILABILITY = YES_AGGRESSIVE;
				CLANG_WARN_UNREACHABLE_CODE = YES;
				CLANG_WARN__DUPLICATE_METHOD_MATCH = YES;
				COPY_PHASE_STRIP = NO;
				DEBUG_INFORMATION_FORMAT = "dwarf-with-dsym";
				ENABLE_NS_ASSERTIONS = NO;
				ENABLE_STRICT_OBJC_MSGSEND = YES;
				GCC_C_LANGUAGE_STANDARD = gnu11;
				GCC_NO_COMMON_BLOCKS = YES;
				GCC_WARN_64_TO_32_BIT_CONVERSION = YES;
				GCC_WARN_ABOUT_RETURN_TYPE = YES_ERROR;
				GCC_WARN_UNDECLARED_SELECTOR = YES;
				GCC_WARN_UNINITIALIZED_AUTOS = YES_AGGRESSIVE;
				GCC_WARN_UNUSED_FUNCTION = YES;
				GCC_WARN_UNUSED_VARIABLE = YES;
				IPHONEOS_DEPLOYMENT_TARGET = 16.2;
				MTL_ENABLE_DEBUG_INFO = NO;
				MTL_FAST_MATH = YES;
				SDKROOT = iphoneos;
				SWIFT_COMPILATION_MODE = wholemodule;
				SWIFT_OPTIMIZATION_LEVEL = "-O";
				VALIDATE_PRODUCT = YES;
			};
			name = Release;
		};
		A343692E29C2B83E002FFF21 /* Debug */ = {
			isa = XCBuildConfiguration;
			buildSettings = {
				ASSETCATALOG_COMPILER_APPICON_NAME = AppIcon;
				ASSETCATALOG_COMPILER_GLOBAL_ACCENT_COLOR_NAME = AccentColor;
				CODE_SIGN_STYLE = Automatic;
				CURRENT_PROJECT_VERSION = 1;
				DEVELOPMENT_TEAM = 55YA3M63JF;
				GENERATE_INFOPLIST_FILE = YES;
				INFOPLIST_FILE = "Calculadora de Índice de masa corporal/Info.plist";
				INFOPLIST_KEY_UIApplicationSupportsIndirectInputEvents = YES;
				INFOPLIST_KEY_UILaunchStoryboardName = LaunchScreen;
				INFOPLIST_KEY_UIMainStoryboardFile = Main;
				INFOPLIST_KEY_UISupportedInterfaceOrientations_iPad = "UIInterfaceOrientationPortrait UIInterfaceOrientationPortraitUpsideDown UIInterfaceOrientationLandscapeLeft UIInterfaceOrientationLandscapeRight";
				INFOPLIST_KEY_UISupportedInterfaceOrientations_iPhone = "UIInterfaceOrientationPortrait UIInterfaceOrientationLandscapeLeft UIInterfaceOrientationLandscapeRight";
				LD_RUNPATH_SEARCH_PATHS = (
					"$(inherited)",
					"@executable_path/Frameworks",
				);
				MARKETING_VERSION = 1.0;
				PRODUCT_BUNDLE_IDENTIFIER = "ziutzelGrajales.Calculadora-de-I-ndice-de-masa-corporal";
				PRODUCT_NAME = "$(TARGET_NAME)";
				SWIFT_EMIT_LOC_STRINGS = YES;
				SWIFT_VERSION = 5.0;
				TARGETED_DEVICE_FAMILY = "1,2";
			};
			name = Debug;
		};
		A343692F29C2B83E002FFF21 /* Release */ = {
			isa = XCBuildConfiguration;
			buildSettings = {
				ASSETCATALOG_COMPILER_APPICON_NAME = AppIcon;
				ASSETCATALOG_COMPILER_GLOBAL_ACCENT_COLOR_NAME = AccentColor;
				CODE_SIGN_STYLE = Automatic;
				CURRENT_PROJECT_VERSION = 1;
				DEVELOPMENT_TEAM = 55YA3M63JF;
				GENERATE_INFOPLIST_FILE = YES;
				INFOPLIST_FILE = "Calculadora de Índice de masa corporal/Info.plist";
				INFOPLIST_KEY_UIApplicationSupportsIndirectInputEvents = YES;
				INFOPLIST_KEY_UILaunchStoryboardName = LaunchScreen;
				INFOPLIST_KEY_UIMainStoryboardFile = Main;
				INFOPLIST_KEY_UISupportedInterfaceOrientations_iPad = "UIInterfaceOrientationPortrait UIInterfaceOrientationPortraitUpsideDown UIInterfaceOrientationLandscapeLeft UIInterfaceOrientationLandscapeRight";
				INFOPLIST_KEY_UISupportedInterfaceOrientations_iPhone = "UIInterfaceOrientationPortrait UIInterfaceOrientationLandscapeLeft UIInterfaceOrientationLandscapeRight";
				LD_RUNPATH_SEARCH_PATHS = (
					"$(inherited)",
					"@executable_path/Frameworks",
				);
				MARKETING_VERSION = 1.0;
				PRODUCT_BUNDLE_IDENTIFIER = "ziutzelGrajales.Calculadora-de-I-ndice-de-masa-corporal";
				PRODUCT_NAME = "$(TARGET_NAME)";
				SWIFT_EMIT_LOC_STRINGS = YES;
				SWIFT_VERSION = 5.0;
				TARGETED_DEVICE_FAMILY = "1,2";
			};
			name = Release;
		};
/* End XCBuildConfiguration section */

/* Begin XCConfigurationList section */
		A343691429C2B83D002FFF21 /* Build configuration list for PBXProject "Calculadora de Índice de masa corporal" */ = {
			isa = XCConfigurationList;
			buildConfigurations = (
				A343692B29C2B83E002FFF21 /* Debug */,
				A343692C29C2B83E002FFF21 /* Release */,
			);
			defaultConfigurationIsVisible = 0;
			defaultConfigurationName = Release;
		};
		A343692D29C2B83E002FFF21 /* Build configuration list for PBXNativeTarget "Calculadora de Índice de masa corporal" */ = {
			isa = XCConfigurationList;
			buildConfigurations = (
				A343692E29C2B83E002FFF21 /* Debug */,
				A343692F29C2B83E002FFF21 /* Release */,
			);
			defaultConfigurationIsVisible = 0;
			defaultConfigurationName = Release;
		};
/* End XCConfigurationList section */
	};
	rootObject = A343691129C2B83D002FFF21 /* Project object */;
}
